<?xml version="1.0" encoding="utf-8"?>
<Project ToolsVersion="17.0" xmlns="http://schemas.microsoft.com/developer/msbuild/2003">
  <ItemGroup>
    <ClCompile Include="D:\Dev\LitEngine\rendering\src\opengl\api.cpp">
      <Filter>Source Files</Filter>
    </ClCompile>
    <ClCompile Include="D:\Dev\LitEngine\rendering\src\opengl\shader.cpp">
      <Filter>Source Files</Filter>
    </ClCompile>
    <ClCompile Include="D:\Dev\LitEngine\rendering\src\opengl\texture.cpp">
      <Filter>Source Files</Filter>
    </ClCompile>
    <ClCompile Include="D:\Dev\LitEngine\rendering\src\opengl\vertex_array.cpp">
      <Filter>Source Files</Filter>
    </ClCompile>
    <ClCompile Include="D:\Dev\LitEngine\rendering\src\opengl\frame_buffer.cpp">
      <Filter>Source Files</Filter>
    </ClCompile>
    <ClCompile Include="D:\Dev\LitEngine\rendering\src\opengl\uniform_buffer.cpp">
      <Filter>Source Files</Filter>
    </ClCompile>
  </ItemGroup>
  <ItemGroup>
    <ClInclude Include="D:\Dev\LitEngine\rendering\include\lit\rendering\opengl\api.hpp">
      <Filter>Header Files</Filter>
    </ClInclude>
    <ClInclude Include="D:\Dev\LitEngine\rendering\include\lit\rendering\opengl\shader.hpp">
      <Filter>Header Files</Filter>
    </ClInclude>
    <ClInclude Include="D:\Dev\LitEngine\rendering\include\lit\rendering\opengl\texture.hpp">
      <Filter>Header Files</Filter>
    </ClInclude>
    <ClInclude Include="D:\Dev\LitEngine\rendering\include\lit\rendering\opengl\vertex_array.hpp">
      <Filter>Header Files</Filter>
    </ClInclude>
    <ClInclude Include="D:\Dev\LitEngine\rendering\include\lit\rendering\opengl\frame_buffer.hpp">
      <Filter>Header Files</Filter>
    </ClInclude>
    <ClInclude Include="D:\Dev\LitEngine\rendering\include\lit\rendering\opengl\utils.hpp">
      <Filter>Header Files</Filter>
    </ClInclude>
    <ClInclude Include="D:\Dev\LitEngine\rendering\include\lit\rendering\opengl\uniform_buffer.hpp">
      <Filter>Header Files</Filter>
    </ClInclude>
  </ItemGroup>
  <ItemGroup>
    <CustomBuild Include="D:\Dev\LitEngine\rendering\CMakeLists.txt" />
  </ItemGroup>
  <ItemGroup>
    <Filter Include="Header Files">
      <UniqueIdentifier>{E7C6B954-A566-3EE5-96D0-78D53F4E7F9E}</UniqueIdentifier>
    </Filter>
    <Filter Include="Source Files">
      <UniqueIdentifier>{07CED8EA-D0EE-334F-8735-B729712C1D4E}</UniqueIdentifier>
    </Filter>
  </ItemGroup>
</Project>
